
Microsoft Visual Studio Solution File, Format Version 12.00
# Visual Studio 14
VisualStudioVersion = 14.0.23107.0
MinimumVisualStudioVersion = 10.0.40219.1
Project("{FAE04EC0-301F-11D3-BF4B-00C04F79EFBC}") = "Server", "Server\Server.csproj", "{5B1DC23D-3954-4F59-9476-E1DF60F2A1E8}"
EndProject
Project("{FAE04EC0-301F-11D3-BF4B-00C04F79EFBC}") = "Stormancer.Authentication.Client", "Stormancer.Authentication.Client\Stormancer.Authentication.Client.csproj", "{FA3392A9-69AF-4A52-9CA2-31BFCA525036}"
EndProject
Project("{FAE04EC0-301F-11D3-BF4B-00C04F79EFBC}") = "TestClient", "TestClient\TestClient.csproj", "{2C0A40BC-8F89-4FCA-8480-6985784A0EEA}"
EndProject
Global
	GlobalSection(SolutionConfigurationPlatforms) = preSolution
		Debug|Any CPU = Debug|Any CPU
		Release|Any CPU = Release|Any CPU
	EndGlobalSection
	GlobalSection(ProjectConfigurationPlatforms) = postSolution
		{5B1DC23D-3954-4F59-9476-E1DF60F2A1E8}.Debug|Any CPU.ActiveCfg = Debug|Any CPU
		{5B1DC23D-3954-4F59-9476-E1DF60F2A1E8}.Debug|Any CPU.Build.0 = Debug|Any CPU
		{5B1DC23D-3954-4F59-9476-E1DF60F2A1E8}.Release|Any CPU.ActiveCfg = Release|Any CPU
		{5B1DC23D-3954-4F59-9476-E1DF60F2A1E8}.Release|Any CPU.Build.0 = Release|Any CPU
		{FA3392A9-69AF-4A52-9CA2-31BFCA525036}.Debug|Any CPU.ActiveCfg = Debug|Any CPU
		{FA3392A9-69AF-4A52-9CA2-31BFCA525036}.Debug|Any CPU.Build.0 = Debug|Any CPU
		{FA3392A9-69AF-4A52-9CA2-31BFCA525036}.Release|Any CPU.ActiveCfg = Release|Any CPU
		{FA3392A9-69AF-4A52-9CA2-31BFCA525036}.Release|Any CPU.Build.0 = Release|Any CPU
		{2C0A40BC-8F89-4FCA-8480-6985784A0EEA}.Debug|Any CPU.ActiveCfg = Debug|Any CPU
		{2C0A40BC-8F89-4FCA-8480-6985784A0EEA}.Debug|Any CPU.Build.0 = Debug|Any CPU
		{2C0A40BC-8F89-4FCA-8480-6985784A0EEA}.Release|Any CPU.ActiveCfg = Release|Any CPU
		{2C0A40BC-8F89-4FCA-8480-6985784A0EEA}.Release|Any CPU.Build.0 = Release|Any CPU
	EndGlobalSection
	GlobalSection(SolutionProperties) = preSolution
		HideSolutionNode = FALSE
	EndGlobalSection
EndGlobal
